// !$*UTF8*$!
{
	archiveVersion = 1;
	classes = {
	};
	objectVersion = 50;
	objects = {

/* Begin PBXBuildFile section */
		111D0DA5243A4CFA0030A5BB /* IValidator.swift in Sources */ = {isa = PBXBuildFile; fileRef = 111D0DA4243A4CFA0030A5BB /* IValidator.swift */; };
		111D0DA7243A4D0B0030A5BB /* ValidatorMax.swift in Sources */ = {isa = PBXBuildFile; fileRef = 111D0DA6243A4D0B0030A5BB /* ValidatorMax.swift */; };
		111D0DAB243A4D550030A5BB /* ValidatorMaxTests.swift in Sources */ = {isa = PBXBuildFile; fileRef = 111D0DAA243A4D550030A5BB /* ValidatorMaxTests.swift */; };
		117832882439E963004514E3 /* AppDelegate.swift in Sources */ = {isa = PBXBuildFile; fileRef = 117832872439E963004514E3 /* AppDelegate.swift */; };
		1178328A2439E963004514E3 /* SceneDelegate.swift in Sources */ = {isa = PBXBuildFile; fileRef = 117832892439E963004514E3 /* SceneDelegate.swift */; };
		1178328C2439E963004514E3 /* ViewController.swift in Sources */ = {isa = PBXBuildFile; fileRef = 1178328B2439E963004514E3 /* ViewController.swift */; };
		1178328F2439E963004514E3 /* Main.storyboard in Resources */ = {isa = PBXBuildFile; fileRef = 1178328D2439E963004514E3 /* Main.storyboard */; };
		117832912439E965004514E3 /* Assets.xcassets in Resources */ = {isa = PBXBuildFile; fileRef = 117832902439E965004514E3 /* Assets.xcassets */; };
		117832942439E965004514E3 /* LaunchScreen.storyboard in Resources */ = {isa = PBXBuildFile; fileRef = 117832922439E965004514E3 /* LaunchScreen.storyboard */; };
		117832AC2439EAE9004514E3 /* MainTableDataSource.swift in Sources */ = {isa = PBXBuildFile; fileRef = 117832AB2439EAE9004514E3 /* MainTableDataSource.swift */; };
		11CB2DDD2439F7830045D7EC /* FormViewModel.swift in Sources */ = {isa = PBXBuildFile; fileRef = 11CB2DDC2439F7830045D7EC /* FormViewModel.swift */; };
		11CB2DDF2439F8B30045D7EC /* MainScreenViewModelTests.swift in Sources */ = {isa = PBXBuildFile; fileRef = 11CB2DDE2439F8B30045D7EC /* MainScreenViewModelTests.swift */; };
		11CB2DE1243A3FD70045D7EC /* MainScreenViewModel.swift in Sources */ = {isa = PBXBuildFile; fileRef = 11CB2DE0243A3FD70045D7EC /* MainScreenViewModel.swift */; };
		11DB175D2439ECBD0023A595 /* TextCell.swift in Sources */ = {isa = PBXBuildFile; fileRef = 11DB175C2439ECBD0023A595 /* TextCell.swift */; };
		11DB175F2439ECCA0023A595 /* SelectionCell.swift in Sources */ = {isa = PBXBuildFile; fileRef = 11DB175E2439ECCA0023A595 /* SelectionCell.swift */; };
		11DB17612439F10A0023A595 /* ViewControllerTests.swift in Sources */ = {isa = PBXBuildFile; fileRef = 11DB17602439F10A0023A595 /* ViewControllerTests.swift */; };
		11DB17642439F15C0023A595 /* UIViewController+Extension.swift in Sources */ = {isa = PBXBuildFile; fileRef = 11DB17632439F15C0023A595 /* UIViewController+Extension.swift */; };
/* End PBXBuildFile section */

/* Begin PBXContainerItemProxy section */
		1178329B2439E965004514E3 /* PBXContainerItemProxy */ = {
			isa = PBXContainerItemProxy;
			containerPortal = 1178327C2439E963004514E3 /* Project object */;
			proxyType = 1;
			remoteGlobalIDString = 117832832439E963004514E3;
			remoteInfo = TestCells;
		};
/* End PBXContainerItemProxy section */

/* Begin PBXFileReference section */
		111D0DA4243A4CFA0030A5BB /* IValidator.swift */ = {isa = PBXFileReference; lastKnownFileType = sourcecode.swift; path = IValidator.swift; sourceTree = "<group>"; };
		111D0DA6243A4D0B0030A5BB /* ValidatorMax.swift */ = {isa = PBXFileReference; lastKnownFileType = sourcecode.swift; path = ValidatorMax.swift; sourceTree = "<group>"; };
		111D0DAA243A4D550030A5BB /* ValidatorMaxTests.swift */ = {isa = PBXFileReference; lastKnownFileType = sourcecode.swift; path = ValidatorMaxTests.swift; sourceTree = "<group>"; };
		117832842439E963004514E3 /* TestCells.app */ = {isa = PBXFileReference; explicitFileType = wrapper.application; includeInIndex = 0; path = TestCells.app; sourceTree = BUILT_PRODUCTS_DIR; };
		117832872439E963004514E3 /* AppDelegate.swift */ = {isa = PBXFileReference; lastKnownFileType = sourcecode.swift; path = AppDelegate.swift; sourceTree = "<group>"; };
		117832892439E963004514E3 /* SceneDelegate.swift */ = {isa = PBXFileReference; lastKnownFileType = sourcecode.swift; path = SceneDelegate.swift; sourceTree = "<group>"; };
		1178328B2439E963004514E3 /* ViewController.swift */ = {isa = PBXFileReference; lastKnownFileType = sourcecode.swift; path = ViewController.swift; sourceTree = "<group>"; };
		1178328E2439E963004514E3 /* Base */ = {isa = PBXFileReference; lastKnownFileType = file.storyboard; name = Base; path = Base.lproj/Main.storyboard; sourceTree = "<group>"; };
		117832902439E965004514E3 /* Assets.xcassets */ = {isa = PBXFileReference; lastKnownFileType = folder.assetcatalog; path = Assets.xcassets; sourceTree = "<group>"; };
		117832932439E965004514E3 /* Base */ = {isa = PBXFileReference; lastKnownFileType = file.storyboard; name = Base; path = Base.lproj/LaunchScreen.storyboard; sourceTree = "<group>"; };
		117832952439E965004514E3 /* Info.plist */ = {isa = PBXFileReference; lastKnownFileType = text.plist.xml; path = Info.plist; sourceTree = "<group>"; };
		1178329A2439E965004514E3 /* TestCellsTests.xctest */ = {isa = PBXFileReference; explicitFileType = wrapper.cfbundle; includeInIndex = 0; path = TestCellsTests.xctest; sourceTree = BUILT_PRODUCTS_DIR; };
		117832A02439E965004514E3 /* Info.plist */ = {isa = PBXFileReference; lastKnownFileType = text.plist.xml; path = Info.plist; sourceTree = "<group>"; };
		117832AB2439EAE9004514E3 /* MainTableDataSource.swift */ = {isa = PBXFileReference; lastKnownFileType = sourcecode.swift; path = MainTableDataSource.swift; sourceTree = "<group>"; };
		11CB2DDC2439F7830045D7EC /* FormViewModel.swift */ = {isa = PBXFileReference; lastKnownFileType = sourcecode.swift; path = FormViewModel.swift; sourceTree = "<group>"; };
		11CB2DDE2439F8B30045D7EC /* MainScreenViewModelTests.swift */ = {isa = PBXFileReference; lastKnownFileType = sourcecode.swift; path = MainScreenViewModelTests.swift; sourceTree = "<group>"; };
		11CB2DE0243A3FD70045D7EC /* MainScreenViewModel.swift */ = {isa = PBXFileReference; lastKnownFileType = sourcecode.swift; path = MainScreenViewModel.swift; sourceTree = "<group>"; };
		11DB175C2439ECBD0023A595 /* TextCell.swift */ = {isa = PBXFileReference; lastKnownFileType = sourcecode.swift; path = TextCell.swift; sourceTree = "<group>"; };
		11DB175E2439ECCA0023A595 /* SelectionCell.swift */ = {isa = PBXFileReference; lastKnownFileType = sourcecode.swift; path = SelectionCell.swift; sourceTree = "<group>"; };
		11DB17602439F10A0023A595 /* ViewControllerTests.swift */ = {isa = PBXFileReference; lastKnownFileType = sourcecode.swift; path = ViewControllerTests.swift; sourceTree = "<group>"; };
		11DB17632439F15C0023A595 /* UIViewController+Extension.swift */ = {isa = PBXFileReference; lastKnownFileType = sourcecode.swift; path = "UIViewController+Extension.swift"; sourceTree = "<group>"; };
/* End PBXFileReference section */

/* Begin PBXFrameworksBuildPhase section */
		117832812439E963004514E3 /* Frameworks */ = {
			isa = PBXFrameworksBuildPhase;
			buildActionMask = 2147483647;
			files = (
			);
			runOnlyForDeploymentPostprocessing = 0;
		};
		117832972439E965004514E3 /* Frameworks */ = {
			isa = PBXFrameworksBuildPhase;
			buildActionMask = 2147483647;
			files = (
			);
			runOnlyForDeploymentPostprocessing = 0;
		};
/* End PBXFrameworksBuildPhase section */

/* Begin PBXGroup section */
		111D0DA3243A4CEE0030A5BB /* Validators */ = {
			isa = PBXGroup;
			children = (
				111D0DA4243A4CFA0030A5BB /* IValidator.swift */,
				111D0DA6243A4D0B0030A5BB /* ValidatorMax.swift */,
			);
			path = Validators;
			sourceTree = "<group>";
		};
		111D0DA8243A4D480030A5BB /* Data */ = {
			isa = PBXGroup;
			children = (
				111D0DA9243A4D4C0030A5BB /* Validators */,
			);
			path = Data;
			sourceTree = "<group>";
		};
		111D0DA9243A4D4C0030A5BB /* Validators */ = {
			isa = PBXGroup;
			children = (
				111D0DAA243A4D550030A5BB /* ValidatorMaxTests.swift */,
			);
			path = Validators;
			sourceTree = "<group>";
		};
		1178327B2439E963004514E3 = {
			isa = PBXGroup;
			children = (
				117832862439E963004514E3 /* TestCells */,
				1178329D2439E965004514E3 /* TestCellsTests */,
				117832852439E963004514E3 /* Products */,
			);
			sourceTree = "<group>";
		};
		117832852439E963004514E3 /* Products */ = {
			isa = PBXGroup;
			children = (
				117832842439E963004514E3 /* TestCells.app */,
				1178329A2439E965004514E3 /* TestCellsTests.xctest */,
			);
			name = Products;
			sourceTree = "<group>";
		};
		117832862439E963004514E3 /* TestCells */ = {
			isa = PBXGroup;
			children = (
				11DB17622439F1290023A595 /* Utils */,
				117832872439E963004514E3 /* AppDelegate.swift */,
				117832892439E963004514E3 /* SceneDelegate.swift */,
				117832AA2439EAC8004514E3 /* ViewController */,
				1178328D2439E963004514E3 /* Main.storyboard */,
				117832902439E965004514E3 /* Assets.xcassets */,
				117832922439E965004514E3 /* LaunchScreen.storyboard */,
				117832952439E965004514E3 /* Info.plist */,
			);
			path = TestCells;
			sourceTree = "<group>";
		};
		1178329D2439E965004514E3 /* TestCellsTests */ = {
			isa = PBXGroup;
			children = (
				111D0DA8243A4D480030A5BB /* Data */,
				11DB17602439F10A0023A595 /* ViewControllerTests.swift */,
				11CB2DDE2439F8B30045D7EC /* MainScreenViewModelTests.swift */,
				117832A02439E965004514E3 /* Info.plist */,
			);
			path = TestCellsTests;
			sourceTree = "<group>";
		};
		117832AA2439EAC8004514E3 /* ViewController */ = {
			isa = PBXGroup;
			children = (
				1178328B2439E963004514E3 /* ViewController.swift */,
				117832AE2439EB6B004514E3 /* Data */,
				117832AD2439EB60004514E3 /* View */,
			);
			path = ViewController;
			sourceTree = "<group>";
		};
		117832AD2439EB60004514E3 /* View */ = {
			isa = PBXGroup;
			children = (
				11DB175C2439ECBD0023A595 /* TextCell.swift */,
				11DB175E2439ECCA0023A595 /* SelectionCell.swift */,
			);
			path = View;
			sourceTree = "<group>";
		};
		117832AE2439EB6B004514E3 /* Data */ = {
			isa = PBXGroup;
			children = (
				111D0DA3243A4CEE0030A5BB /* Validators */,
				117832AB2439EAE9004514E3 /* MainTableDataSource.swift */,
				11CB2DDC2439F7830045D7EC /* FormViewModel.swift */,
				11CB2DE0243A3FD70045D7EC /* MainScreenViewModel.swift */,
			);
			path = Data;
			sourceTree = "<group>";
		};
		11DB17622439F1290023A595 /* Utils */ = {
			isa = PBXGroup;
			children = (
				11DB17632439F15C0023A595 /* UIViewController+Extension.swift */,
			);
			path = Utils;
			sourceTree = "<group>";
		};
/* End PBXGroup section */

/* Begin PBXNativeTarget section */
		117832832439E963004514E3 /* TestCells */ = {
			isa = PBXNativeTarget;
			buildConfigurationList = 117832A32439E965004514E3 /* Build configuration list for PBXNativeTarget "TestCells" */;
			buildPhases = (
				117832802439E963004514E3 /* Sources */,
				117832812439E963004514E3 /* Frameworks */,
				117832822439E963004514E3 /* Resources */,
				117832A92439E990004514E3 /* ShellScript */,
			);
			buildRules = (
			);
			dependencies = (
			);
			name = TestCells;
			productName = TestCells;
			productReference = 117832842439E963004514E3 /* TestCells.app */;
			productType = "com.apple.product-type.application";
		};
		117832992439E965004514E3 /* TestCellsTests */ = {
			isa = PBXNativeTarget;
			buildConfigurationList = 117832A62439E965004514E3 /* Build configuration list for PBXNativeTarget "TestCellsTests" */;
			buildPhases = (
				117832962439E965004514E3 /* Sources */,
				117832972439E965004514E3 /* Frameworks */,
				117832982439E965004514E3 /* Resources */,
			);
			buildRules = (
			);
			dependencies = (
				1178329C2439E965004514E3 /* PBXTargetDependency */,
			);
			name = TestCellsTests;
			productName = TestCellsTests;
			productReference = 1178329A2439E965004514E3 /* TestCellsTests.xctest */;
			productType = "com.apple.product-type.bundle.unit-test";
		};
/* End PBXNativeTarget section */

/* Begin PBXProject section */
		1178327C2439E963004514E3 /* Project object */ = {
			isa = PBXProject;
			attributes = {
				LastSwiftUpdateCheck = 1130;
				LastUpgradeCheck = 1130;
				ORGANIZATIONNAME = "Rostyslav Druzhchenko";
				TargetAttributes = {
					117832832439E963004514E3 = {
						CreatedOnToolsVersion = 11.3.1;
					};
					117832992439E965004514E3 = {
						CreatedOnToolsVersion = 11.3.1;
						TestTargetID = 117832832439E963004514E3;
					};
				};
			};
			buildConfigurationList = 1178327F2439E963004514E3 /* Build configuration list for PBXProject "TestCells" */;
			compatibilityVersion = "Xcode 9.3";
			developmentRegion = en;
			hasScannedForEncodings = 0;
			knownRegions = (
				en,
				Base,
			);
			mainGroup = 1178327B2439E963004514E3;
			productRefGroup = 117832852439E963004514E3 /* Products */;
			projectDirPath = "";
			projectRoot = "";
			targets = (
				117832832439E963004514E3 /* TestCells */,
				117832992439E965004514E3 /* TestCellsTests */,
			);
		};
/* End PBXProject section */

/* Begin PBXResourcesBuildPhase section */
		117832822439E963004514E3 /* Resources */ = {
			isa = PBXResourcesBuildPhase;
			buildActionMask = 2147483647;
			files = (
				117832942439E965004514E3 /* LaunchScreen.storyboard in Resources */,
				117832912439E965004514E3 /* Assets.xcassets in Resources */,
				1178328F2439E963004514E3 /* Main.storyboard in Resources */,
			);
			runOnlyForDeploymentPostprocessing = 0;
		};
		117832982439E965004514E3 /* Resources */ = {
			isa = PBXResourcesBuildPhase;
			buildActionMask = 2147483647;
			files = (
			);
			runOnlyForDeploymentPostprocessing = 0;
		};
/* End PBXResourcesBuildPhase section */

/* Begin PBXShellScriptBuildPhase section */
		117832A92439E990004514E3 /* ShellScript */ = {
			isa = PBXShellScriptBuildPhase;
			buildActionMask = 2147483647;
			files = (
			);
			inputFileListPaths = (
			);
			inputPaths = (
			);
			outputFileListPaths = (
			);
			outputPaths = (
			);
			runOnlyForDeploymentPostprocessing = 0;
			shellPath = /bin/sh;
			shellScript = "# Created by: Rostyslav Druzhchenko\n#\n# Prerequirements:\n#   You have to have `homebrew` installed on your workcstation\n#\n# To disable this script on your machine:\n#\n# 1) Add to your `~/.bash_profile` or `~./.zprofile` file (depends on shell you use) the line\n#    `export POS_SWIFTLINT_ENABLED=\"FALSE\"`\n# 2) Run in Terminal `source ~/.bash_profile` to update your environment\n#\n# !!! WARNING !!!\n# This script installs `swiftlint` and `swiftformat` if they hasn't been installed yet \n\n# ============================================================================\n# Update shell with environment variables from profile file\n#\n#   MacOS versions earlier than Catalina\nif [ -f ~/.bash_profile ]; then\n    source ~/.bash_profile\nfi\n\n#   MacOS Catalina's default shell's profile file\nif [ -f ~/.zprofile ]; then\n    source ~/.zprofile\nfi\n\n# ============================================================================\n# Setup environment, declare variables\nSTART_DATE=$(date +\"%s\")\n\n#   Swiftlint\nSWIFT_LINT=/usr/local/bin/swiftlint\n\n# Install swiftlint if absent\nif [[ ! -e \"${SWIFT_LINT}\" ]]; then\n    echo \"${SWIFT_LINT} is not installed.\"\n    echo \"Installing swiftlint\"\n    brew install swiftlint\nfi\n\n#   Swiftformat\nSWIFT_FORMAT=/usr/local/bin/swiftformat\n\n# Install swiftformat if absent\nif [[ ! -e \"${SWIFT_FORMAT}\" ]]; then\n    echo \"${SWIFT_FORMAT} is not installed.\"\n    echo \"Installing swiftformat\"\n    brew install swiftformat\nfi\n\n# ============================================================================\n# Declare functions\n\n# Run SwiftLint for given filename\nrun_swiftlint() {\n    local filename=\"${1}\"\n    if [[ \"${filename##*.}\" == \"swift\" ]]; then\n        ${SWIFT_LINT} autocorrect --path \"${filename}\"\n        ${SWIFT_LINT} lint --path \"${filename}\"\n    fi\n}\n\n# Run swiftformat for given filename\nrun_swiftformat() {\n    local filename=\"${1}\"\n    if [[ \"${filename##*.}\" == \"swift\" ]]; then\n        filename=\"${filename}\"\n        echo \"!! \" ${filename}\n        ${SWIFT_FORMAT} \"${filename}\"\n    fi\n}\n\n# ============================================================================\n# Main\n\n#   Swiftlint\necho \"SwiftLint version: $(${SWIFT_LINT} version)\"\n\n# Run for both staged and unstaged files\ngit diff --name-only | while read filename; do run_swiftlint \"${filename}\"; done\ngit diff --cached --name-only | while read filename; do run_swiftlint \"${filename}\"; done\n\n# Swiftformat\necho \"Swiftformat version: $(${SWIFT_FORMAT} --version)\"\n\n# Run for both staged and unstaged files\ngit diff --name-only | while read filename; do run_swiftformat \"${filename}\"; done\ngit diff --cached --name-only | while read filename; do run_swiftformat \"${filename}\"; done\n\nEND_DATE=$(date +\"%s\")\n\n# ============================================================================\n# Print spent time\nDIFF=$(($END_DATE - $START_DATE))\necho \"SwiftLint took $(($DIFF / 60)) minutes and $(($DIFF % 60)) seconds to complete.\"\n\n";
		};
/* End PBXShellScriptBuildPhase section */

/* Begin PBXSourcesBuildPhase section */
		117832802439E963004514E3 /* Sources */ = {
			isa = PBXSourcesBuildPhase;
			buildActionMask = 2147483647;
			files = (
				111D0DA7243A4D0B0030A5BB /* ValidatorMax.swift in Sources */,
				11DB17642439F15C0023A595 /* UIViewController+Extension.swift in Sources */,
				11CB2DE1243A3FD70045D7EC /* MainScreenViewModel.swift in Sources */,
				117832AC2439EAE9004514E3 /* MainTableDataSource.swift in Sources */,
				11DB175F2439ECCA0023A595 /* SelectionCell.swift in Sources */,
				111D0DA5243A4CFA0030A5BB /* IValidator.swift in Sources */,
				1178328C2439E963004514E3 /* ViewController.swift in Sources */,
				11CB2DDD2439F7830045D7EC /* FormViewModel.swift in Sources */,
				117832882439E963004514E3 /* AppDelegate.swift in Sources */,
				11DB175D2439ECBD0023A595 /* TextCell.swift in Sources */,
				1178328A2439E963004514E3 /* SceneDelegate.swift in Sources */,
			);
			runOnlyForDeploymentPostprocessing = 0;
		};
		117832962439E965004514E3 /* Sources */ = {
			isa = PBXSourcesBuildPhase;
			buildActionMask = 2147483647;
			files = (
				11CB2DDF2439F8B30045D7EC /* MainScreenViewModelTests.swift in Sources */,
				111D0DAB243A4D550030A5BB /* ValidatorMaxTests.swift in Sources */,
				11DB17612439F10A0023A595 /* ViewControllerTests.swift in Sources */,
			);
			runOnlyForDeploymentPostprocessing = 0;
		};
/* End PBXSourcesBuildPhase section */

/* Begin PBXTargetDependency section */
		1178329C2439E965004514E3 /* PBXTargetDependency */ = {
			isa = PBXTargetDependency;
			target = 117832832439E963004514E3 /* TestCells */;
			targetProxy = 1178329B2439E965004514E3 /* PBXContainerItemProxy */;
		};
/* End PBXTargetDependency section */

/* Begin PBXVariantGroup section */
		1178328D2439E963004514E3 /* Main.storyboard */ = {
			isa = PBXVariantGroup;
			children = (
				1178328E2439E963004514E3 /* Base */,
			);
			name = Main.storyboard;
			sourceTree = "<group>";
		};
		117832922439E965004514E3 /* LaunchScreen.storyboard */ = {
			isa = PBXVariantGroup;
			children = (
				117832932439E965004514E3 /* Base */,
			);
			name = LaunchScreen.storyboard;
			sourceTree = "<group>";
		};
/* End PBXVariantGroup section */

/* Begin XCBuildConfiguration section */
		117832A12439E965004514E3 /* Debug */ = {
			isa = XCBuildConfiguration;
			buildSettings = {
				ALWAYS_SEARCH_USER_PATHS = NO;
				CLANG_ANALYZER_NONNULL = YES;
				CLANG_ANALYZER_NUMBER_OBJECT_CONVERSION = YES_AGGRESSIVE;
				CLANG_CXX_LANGUAGE_STANDARD = "gnu++14";
				CLANG_CXX_LIBRARY = "libc++";
				CLANG_ENABLE_MODULES = YES;
				CLANG_ENABLE_OBJC_ARC = YES;
				CLANG_ENABLE_OBJC_WEAK = YES;
				CLANG_WARN_BLOCK_CAPTURE_AUTORELEASING = YES;
				CLANG_WARN_BOOL_CONVERSION = YES;
				CLANG_WARN_COMMA = YES;
				CLANG_WARN_CONSTANT_CONVERSION = YES;
				CLANG_WARN_DEPRECATED_OBJC_IMPLEMENTATIONS = YES;
				CLANG_WARN_DIRECT_OBJC_ISA_USAGE = YES_ERROR;
				CLANG_WARN_DOCUMENTATION_COMMENTS = YES;
				CLANG_WARN_EMPTY_BODY = YES;
				CLANG_WARN_ENUM_CONVERSION = YES;
				CLANG_WARN_INFINITE_RECURSION = YES;
				CLANG_WARN_INT_CONVERSION = YES;
				CLANG_WARN_NON_LITERAL_NULL_CONVERSION = YES;
				CLANG_WARN_OBJC_IMPLICIT_RETAIN_SELF = YES;
				CLANG_WARN_OBJC_LITERAL_CONVERSION = YES;
				CLANG_WARN_OBJC_ROOT_CLASS = YES_ERROR;
				CLANG_WARN_RANGE_LOOP_ANALYSIS = YES;
				CLANG_WARN_STRICT_PROTOTYPES = YES;
				CLANG_WARN_SUSPICIOUS_MOVE = YES;
				CLANG_WARN_UNGUARDED_AVAILABILITY = YES_AGGRESSIVE;
				CLANG_WARN_UNREACHABLE_CODE = YES;
				CLANG_WARN__DUPLICATE_METHOD_MATCH = YES;
				COPY_PHASE_STRIP = NO;
				DEBUG_INFORMATION_FORMAT = dwarf;
				ENABLE_STRICT_OBJC_MSGSEND = YES;
				ENABLE_TESTABILITY = YES;
				GCC_C_LANGUAGE_STANDARD = gnu11;
				GCC_DYNAMIC_NO_PIC = NO;
				GCC_NO_COMMON_BLOCKS = YES;
				GCC_OPTIMIZATION_LEVEL = 0;
				GCC_PREPROCESSOR_DEFINITIONS = (
					"DEBUG=1",
					"$(inherited)",
				);
				GCC_WARN_64_TO_32_BIT_CONVERSION = YES;
				GCC_WARN_ABOUT_RETURN_TYPE = YES_ERROR;
				GCC_WARN_UNDECLARED_SELECTOR = YES;
				GCC_WARN_UNINITIALIZED_AUTOS = YES_AGGRESSIVE;
				GCC_WARN_UNUSED_FUNCTION = YES;
				GCC_WARN_UNUSED_VARIABLE = YES;
				IPHONEOS_DEPLOYMENT_TARGET = 13.2;
				MTL_ENABLE_DEBUG_INFO = INCLUDE_SOURCE;
				MTL_FAST_MATH = YES;
				ONLY_ACTIVE_ARCH = YES;
				SDKROOT = iphoneos;
				SWIFT_ACTIVE_COMPILATION_CONDITIONS = DEBUG;
				SWIFT_OPTIMIZATION_LEVEL = "-Onone";
			};
			name = Debug;
		};
		117832A22439E965004514E3 /* Release */ = {
			isa = XCBuildConfiguration;
			buildSettings = {
				ALWAYS_SEARCH_USER_PATHS = NO;
				CLANG_ANALYZER_NONNULL = YES;
				CLANG_ANALYZER_NUMBER_OBJECT_CONVERSION = YES_AGGRESSIVE;
				CLANG_CXX_LANGUAGE_STANDARD = "gnu++14";
				CLANG_CXX_LIBRARY = "libc++";
				CLANG_ENABLE_MODULES = YES;
				CLANG_ENABLE_OBJC_ARC = YES;
				CLANG_ENABLE_OBJC_WEAK = YES;
				CLANG_WARN_BLOCK_CAPTURE_AUTORELEASING = YES;
				CLANG_WARN_BOOL_CONVERSION = YES;
				CLANG_WARN_COMMA = YES;
				CLANG_WARN_CONSTANT_CONVERSION = YES;
				CLANG_WARN_DEPRECATED_OBJC_IMPLEMENTATIONS = YES;
				CLANG_WARN_DIRECT_OBJC_ISA_USAGE = YES_ERROR;
				CLANG_WARN_DOCUMENTATION_COMMENTS = YES;
				CLANG_WARN_EMPTY_BODY = YES;
				CLANG_WARN_ENUM_CONVERSION = YES;
				CLANG_WARN_INFINITE_RECURSION = YES;
				CLANG_WARN_INT_CONVERSION = YES;
				CLANG_WARN_NON_LITERAL_NULL_CONVERSION = YES;
				CLANG_WARN_OBJC_IMPLICIT_RETAIN_SELF = YES;
				CLANG_WARN_OBJC_LITERAL_CONVERSION = YES;
				CLANG_WARN_OBJC_ROOT_CLASS = YES_ERROR;
				CLANG_WARN_RANGE_LOOP_ANALYSIS = YES;
				CLANG_WARN_STRICT_PROTOTYPES = YES;
				CLANG_WARN_SUSPICIOUS_MOVE = YES;
				CLANG_WARN_UNGUARDED_AVAILABILITY = YES_AGGRESSIVE;
				CLANG_WARN_UNREACHABLE_CODE = YES;
				CLANG_WARN__DUPLICATE_METHOD_MATCH = YES;
				COPY_PHASE_STRIP = NO;
				DEBUG_INFORMATION_FORMAT = "dwarf-with-dsym";
				ENABLE_NS_ASSERTIONS = NO;
				ENABLE_STRICT_OBJC_MSGSEND = YES;
				GCC_C_LANGUAGE_STANDARD = gnu11;
				GCC_NO_COMMON_BLOCKS = YES;
				GCC_WARN_64_TO_32_BIT_CONVERSION = YES;
				GCC_WARN_ABOUT_RETURN_TYPE = YES_ERROR;
				GCC_WARN_UNDECLARED_SELECTOR = YES;
				GCC_WARN_UNINITIALIZED_AUTOS = YES_AGGRESSIVE;
				GCC_WARN_UNUSED_FUNCTION = YES;
				GCC_WARN_UNUSED_VARIABLE = YES;
				IPHONEOS_DEPLOYMENT_TARGET = 13.2;
				MTL_ENABLE_DEBUG_INFO = NO;
				MTL_FAST_MATH = YES;
				SDKROOT = iphoneos;
				SWIFT_COMPILATION_MODE = wholemodule;
				SWIFT_OPTIMIZATION_LEVEL = "-O";
				VALIDATE_PRODUCT = YES;
			};
			name = Release;
		};
		117832A42439E965004514E3 /* Debug */ = {
			isa = XCBuildConfiguration;
			buildSettings = {
				ASSETCATALOG_COMPILER_APPICON_NAME = AppIcon;
				CODE_SIGN_STYLE = Automatic;
				INFOPLIST_FILE = TestCells/Info.plist;
				LD_RUNPATH_SEARCH_PATHS = (
					"$(inherited)",
					"@executable_path/Frameworks",
				);
				PRODUCT_BUNDLE_IDENTIFIER = com.rdruzhchenko.TestCells;
				PRODUCT_NAME = "$(TARGET_NAME)";
				SWIFT_VERSION = 5.0;
				TARGETED_DEVICE_FAMILY = "1,2";
			};
			name = Debug;
		};
		117832A52439E965004514E3 /* Release */ = {
			isa = XCBuildConfiguration;
			buildSettings = {
				ASSETCATALOG_COMPILER_APPICON_NAME = AppIcon;
				CODE_SIGN_STYLE = Automatic;
				INFOPLIST_FILE = TestCells/Info.plist;
				LD_RUNPATH_SEARCH_PATHS = (
					"$(inherited)",
					"@executable_path/Frameworks",
				);
				PRODUCT_BUNDLE_IDENTIFIER = com.rdruzhchenko.TestCells;
				PRODUCT_NAME = "$(TARGET_NAME)";
				SWIFT_VERSION = 5.0;
				TARGETED_DEVICE_FAMILY = "1,2";
			};
			name = Release;
		};
		117832A72439E965004514E3 /* Debug */ = {
			isa = XCBuildConfiguration;
			buildSettings = {
				ALWAYS_EMBED_SWIFT_STANDARD_LIBRARIES = YES;
				BUNDLE_LOADER = "$(TEST_HOST)";
				CODE_SIGN_STYLE = Automatic;
				INFOPLIST_FILE = TestCellsTests/Info.plist;
				IPHONEOS_DEPLOYMENT_TARGET = 13.2;
				LD_RUNPATH_SEARCH_PATHS = (
					"$(inherited)",
					"@executable_path/Frameworks",
					"@loader_path/Frameworks",
				);
				PRODUCT_BUNDLE_IDENTIFIER = com.rdruzhchenko.TestCellsTests;
				PRODUCT_NAME = "$(TARGET_NAME)";
				SWIFT_VERSION = 5.0;
				TARGETED_DEVICE_FAMILY = "1,2";
				TEST_HOST = "$(BUILT_PRODUCTS_DIR)/TestCells.app/TestCells";
			};
			name = Debug;
		};
		117832A82439E965004514E3 /* Release */ = {
			isa = XCBuildConfiguration;
			buildSettings = {
				ALWAYS_EMBED_SWIFT_STANDARD_LIBRARIES = YES;
				BUNDLE_LOADER = "$(TEST_HOST)";
				CODE_SIGN_STYLE = Automatic;
				INFOPLIST_FILE = TestCellsTests/Info.plist;
				IPHONEOS_DEPLOYMENT_TARGET = 13.2;
				LD_RUNPATH_SEARCH_PATHS = (
					"$(inherited)",
					"@executable_path/Frameworks",
					"@loader_path/Frameworks",
				);
				PRODUCT_BUNDLE_IDENTIFIER = com.rdruzhchenko.TestCellsTests;
				PRODUCT_NAME = "$(TARGET_NAME)";
				SWIFT_VERSION = 5.0;
				TARGETED_DEVICE_FAMILY = "1,2";
				TEST_HOST = "$(BUILT_PRODUCTS_DIR)/TestCells.app/TestCells";
			};
			name = Release;
		};
/* End XCBuildConfiguration section */

/* Begin XCConfigurationList section */
		1178327F2439E963004514E3 /* Build configuration list for PBXProject "TestCells" */ = {
			isa = XCConfigurationList;
			buildConfigurations = (
				117832A12439E965004514E3 /* Debug */,
				117832A22439E965004514E3 /* Release */,
			);
			defaultConfigurationIsVisible = 0;
			defaultConfigurationName = Release;
		};
		117832A32439E965004514E3 /* Build configuration list for PBXNativeTarget "TestCells" */ = {
			isa = XCConfigurationList;
			buildConfigurations = (
				117832A42439E965004514E3 /* Debug */,
				117832A52439E965004514E3 /* Release */,
			);
			defaultConfigurationIsVisible = 0;
			defaultConfigurationName = Release;
		};
		117832A62439E965004514E3 /* Build configuration list for PBXNativeTarget "TestCellsTests" */ = {
			isa = XCConfigurationList;
			buildConfigurations = (
				117832A72439E965004514E3 /* Debug */,
				117832A82439E965004514E3 /* Release */,
			);
			defaultConfigurationIsVisible = 0;
			defaultConfigurationName = Release;
		};
/* End XCConfigurationList section */
	};
	rootObject = 1178327C2439E963004514E3 /* Project object */;
}
